
Microsoft Visual Studio Solution File, Format Version 12.00
# Visual Studio Version 17
VisualStudioVersion = 17.12.35707.178 d17.12
MinimumVisualStudioVersion = 10.0.40219.1
Project("{FAE04EC0-301F-11D3-BF4B-00C04F79EFBC}") = "RCPSystem", "RCPSystem\RCPSystem.csproj", "{18EB2454-57BE-4187-A4B3-CB3BE82448BF}"
EndProject
Project("{FAE04EC0-301F-11D3-BF4B-00C04F79EFBC}") = "RPCSystem.Tests", "RPCSystem.Tests\RPCSystem.Tests.csproj", "{155AAEE4-EFAD-4FEB-86D7-EA416465344B}"
EndProject
Global
	GlobalSection(SolutionConfigurationPlatforms) = preSolution
		Debug|Any CPU = Debug|Any CPU
		Release|Any CPU = Release|Any CPU
	EndGlobalSection
	GlobalSection(ProjectConfigurationPlatforms) = postSolution
		{18EB2454-57BE-4187-A4B3-CB3BE82448BF}.Debug|Any CPU.ActiveCfg = Debug|Any CPU
		{18EB2454-57BE-4187-A4B3-CB3BE82448BF}.Debug|Any CPU.Build.0 = Debug|Any CPU
		{18EB2454-57BE-4187-A4B3-CB3BE82448BF}.Release|Any CPU.ActiveCfg = Release|Any CPU
		{18EB2454-57BE-4187-A4B3-CB3BE82448BF}.Release|Any CPU.Build.0 = Release|Any CPU
		{155AAEE4-EFAD-4FEB-86D7-EA416465344B}.Debug|Any CPU.ActiveCfg = Debug|Any CPU
		{155AAEE4-EFAD-4FEB-86D7-EA416465344B}.Debug|Any CPU.Build.0 = Debug|Any CPU
		{155AAEE4-EFAD-4FEB-86D7-EA416465344B}.Release|Any CPU.ActiveCfg = Release|Any CPU
		{155AAEE4-EFAD-4FEB-86D7-EA416465344B}.Release|Any CPU.Build.0 = Release|Any CPU
	EndGlobalSection
	GlobalSection(SolutionProperties) = preSolution
		HideSolutionNode = FALSE
	EndGlobalSection
EndGlobal
